// !$*UTF8*$!
{
	archiveVersion = 1;
	classes = {
	};
	objectVersion = 56;
	objects = {

/* Begin PBXBuildFile section */
		4B760D832AE03AEA008B2DFD /* NoteSwiftDataApp.swift in Sources */ = {isa = PBXBuildFile; fileRef = 4B760D822AE03AEA008B2DFD /* NoteSwiftDataApp.swift */; };
		4B760D852AE03AEA008B2DFD /* ContentView.swift in Sources */ = {isa = PBXBuildFile; fileRef = 4B760D842AE03AEA008B2DFD /* ContentView.swift */; };
		4B760D872AE03AEB008B2DFD /* Assets.xcassets in Resources */ = {isa = PBXBuildFile; fileRef = 4B760D862AE03AEB008B2DFD /* Assets.xcassets */; };
		4B760D8A2AE03AEB008B2DFD /* Preview Assets.xcassets in Resources */ = {isa = PBXBuildFile; fileRef = 4B760D892AE03AEB008B2DFD /* Preview Assets.xcassets */; };
		4B760D942AE03CCA008B2DFD /* Note.swift in Sources */ = {isa = PBXBuildFile; fileRef = 4B760D932AE03CCA008B2DFD /* Note.swift */; };
		4B760D962AE03D29008B2DFD /* Tag.swift in Sources */ = {isa = PBXBuildFile; fileRef = 4B760D952AE03D29008B2DFD /* Tag.swift */; };
		4B760D9D2AE03FC3008B2DFD /* NoteListView.swift in Sources */ = {isa = PBXBuildFile; fileRef = 4B760D9C2AE03FC3008B2DFD /* NoteListView.swift */; };
		4B760DA52AE04E06008B2DFD /* TagListView.swift in Sources */ = {isa = PBXBuildFile; fileRef = 4B760DA42AE04E06008B2DFD /* TagListView.swift */; };
		4B760DA72AE06C2B008B2DFD /* Filters.swift in Sources */ = {isa = PBXBuildFile; fileRef = 4B760DA62AE06C2B008B2DFD /* Filters.swift */; };
/* End PBXBuildFile section */

/* Begin PBXFileReference section */
		4B760D7F2AE03AEA008B2DFD /* NoteSwiftData.app */ = {isa = PBXFileReference; explicitFileType = wrapper.application; includeInIndex = 0; path = NoteSwiftData.app; sourceTree = BUILT_PRODUCTS_DIR; };
		4B760D822AE03AEA008B2DFD /* NoteSwiftDataApp.swift */ = {isa = PBXFileReference; lastKnownFileType = sourcecode.swift; path = NoteSwiftDataApp.swift; sourceTree = "<group>"; };
		4B760D842AE03AEA008B2DFD /* ContentView.swift */ = {isa = PBXFileReference; lastKnownFileType = sourcecode.swift; name = ContentView.swift; path = Root/ContentView.swift; sourceTree = "<group>"; };
		4B760D862AE03AEB008B2DFD /* Assets.xcassets */ = {isa = PBXFileReference; lastKnownFileType = folder.assetcatalog; path = Assets.xcassets; sourceTree = "<group>"; };
		4B760D892AE03AEB008B2DFD /* Preview Assets.xcassets */ = {isa = PBXFileReference; lastKnownFileType = folder.assetcatalog; path = "Preview Assets.xcassets"; sourceTree = "<group>"; };
		4B760D932AE03CCA008B2DFD /* Note.swift */ = {isa = PBXFileReference; lastKnownFileType = sourcecode.swift; path = Note.swift; sourceTree = "<group>"; };
		4B760D952AE03D29008B2DFD /* Tag.swift */ = {isa = PBXFileReference; lastKnownFileType = sourcecode.swift; path = Tag.swift; sourceTree = "<group>"; };
		4B760D9C2AE03FC3008B2DFD /* NoteListView.swift */ = {isa = PBXFileReference; lastKnownFileType = sourcecode.swift; name = NoteListView.swift; path = NoteList/NoteListView.swift; sourceTree = "<group>"; };
		4B760DA42AE04E06008B2DFD /* TagListView.swift */ = {isa = PBXFileReference; lastKnownFileType = sourcecode.swift; path = TagListView.swift; sourceTree = "<group>"; };
		4B760DA62AE06C2B008B2DFD /* Filters.swift */ = {isa = PBXFileReference; lastKnownFileType = sourcecode.swift; path = Filters.swift; sourceTree = "<group>"; };
/* End PBXFileReference section */

/* Begin PBXFrameworksBuildPhase section */
		4B760D7C2AE03AEA008B2DFD /* Frameworks */ = {
			isa = PBXFrameworksBuildPhase;
			buildActionMask = 2147483647;
			files = (
			);
			runOnlyForDeploymentPostprocessing = 0;
		};
/* End PBXFrameworksBuildPhase section */

/* Begin PBXGroup section */
		4B760D762AE03AEA008B2DFD = {
			isa = PBXGroup;
			children = (
				4B760D812AE03AEA008B2DFD /* NoteSwiftData */,
				4B760D802AE03AEA008B2DFD /* Products */,
			);
			sourceTree = "<group>";
		};
		4B760D802AE03AEA008B2DFD /* Products */ = {
			isa = PBXGroup;
			children = (
				4B760D7F2AE03AEA008B2DFD /* NoteSwiftData.app */,
			);
			name = Products;
			sourceTree = "<group>";
		};
		4B760D812AE03AEA008B2DFD /* NoteSwiftData */ = {
			isa = PBXGroup;
			children = (
				4B760D912AE03C62008B2DFD /* App */,
				4B760D922AE03C6A008B2DFD /* Core */,
				4B760D902AE03C4C008B2DFD /* Model */,
				4B760D862AE03AEB008B2DFD /* Assets.xcassets */,
				4B760D882AE03AEB008B2DFD /* Preview Content */,
			);
			path = NoteSwiftData;
			sourceTree = "<group>";
		};
		4B760D882AE03AEB008B2DFD /* Preview Content */ = {
			isa = PBXGroup;
			children = (
				4B760D892AE03AEB008B2DFD /* Preview Assets.xcassets */,
			);
			path = "Preview Content";
			sourceTree = "<group>";
		};
		4B760D902AE03C4C008B2DFD /* Model */ = {
			isa = PBXGroup;
			children = (
				4B760DA62AE06C2B008B2DFD /* Filters.swift */,
				4B760D932AE03CCA008B2DFD /* Note.swift */,
				4B760D952AE03D29008B2DFD /* Tag.swift */,
			);
			path = Model;
			sourceTree = "<group>";
		};
		4B760D912AE03C62008B2DFD /* App */ = {
			isa = PBXGroup;
			children = (
				4B760D822AE03AEA008B2DFD /* NoteSwiftDataApp.swift */,
			);
			path = App;
			sourceTree = "<group>";
		};
		4B760D922AE03C6A008B2DFD /* Core */ = {
			isa = PBXGroup;
			children = (
				4B760DA12AE04B3D008B2DFD /* NoteList */,
				4B760DA32AE04DF1008B2DFD /* TagListView */,
				4B760DA22AE04B48008B2DFD /* Root */,
			);
			path = Core;
			sourceTree = "<group>";
		};
		4B760DA12AE04B3D008B2DFD /* NoteList */ = {
			isa = PBXGroup;
			children = (
				4B760D9C2AE03FC3008B2DFD /* NoteListView.swift */,
			);
			name = NoteList;
			sourceTree = "<group>";
		};
		4B760DA22AE04B48008B2DFD /* Root */ = {
			isa = PBXGroup;
			children = (
				4B760D842AE03AEA008B2DFD /* ContentView.swift */,
			);
			name = Root;
			sourceTree = "<group>";
		};
		4B760DA32AE04DF1008B2DFD /* TagListView */ = {
			isa = PBXGroup;
			children = (
				4B760DA42AE04E06008B2DFD /* TagListView.swift */,
			);
			name = TagListView;
			sourceTree = "<group>";
		};
/* End PBXGroup section */

/* Begin PBXNativeTarget section */
		4B760D7E2AE03AEA008B2DFD /* NoteSwiftData */ = {
			isa = PBXNativeTarget;
			buildConfigurationList = 4B760D8D2AE03AEB008B2DFD /* Build configuration list for PBXNativeTarget "NoteSwiftData" */;
			buildPhases = (
				4B760D7B2AE03AEA008B2DFD /* Sources */,
				4B760D7C2AE03AEA008B2DFD /* Frameworks */,
				4B760D7D2AE03AEA008B2DFD /* Resources */,
			);
			buildRules = (
			);
			dependencies = (
			);
			name = NoteSwiftData;
			productName = NoteSwiftData;
			productReference = 4B760D7F2AE03AEA008B2DFD /* NoteSwiftData.app */;
			productType = "com.apple.product-type.application";
		};
/* End PBXNativeTarget section */

/* Begin PBXProject section */
		4B760D772AE03AEA008B2DFD /* Project object */ = {
			isa = PBXProject;
			attributes = {
				BuildIndependentTargetsInParallel = 1;
				LastSwiftUpdateCheck = 1500;
				LastUpgradeCheck = 1500;
				TargetAttributes = {
					4B760D7E2AE03AEA008B2DFD = {
						CreatedOnToolsVersion = 15.0;
					};
				};
			};
			buildConfigurationList = 4B760D7A2AE03AEA008B2DFD /* Build configuration list for PBXProject "NoteSwiftData" */;
			compatibilityVersion = "Xcode 14.0";
			developmentRegion = en;
			hasScannedForEncodings = 0;
			knownRegions = (
				en,
				Base,
			);
			mainGroup = 4B760D762AE03AEA008B2DFD;
			productRefGroup = 4B760D802AE03AEA008B2DFD /* Products */;
			projectDirPath = "";
			projectRoot = "";
			targets = (
				4B760D7E2AE03AEA008B2DFD /* NoteSwiftData */,
			);
		};
/* End PBXProject section */

/* Begin PBXResourcesBuildPhase section */
		4B760D7D2AE03AEA008B2DFD /* Resources */ = {
			isa = PBXResourcesBuildPhase;
			buildActionMask = 2147483647;
			files = (
				4B760D8A2AE03AEB008B2DFD /* Preview Assets.xcassets in Resources */,
				4B760D872AE03AEB008B2DFD /* Assets.xcassets in Resources */,
			);
			runOnlyForDeploymentPostprocessing = 0;
		};
/* End PBXResourcesBuildPhase section */

/* Begin PBXSourcesBuildPhase section */
		4B760D7B2AE03AEA008B2DFD /* Sources */ = {
			isa = PBXSourcesBuildPhase;
			buildActionMask = 2147483647;
			files = (
				4B760DA72AE06C2B008B2DFD /* Filters.swift in Sources */,
				4B760D852AE03AEA008B2DFD /* ContentView.swift in Sources */,
				4B760DA52AE04E06008B2DFD /* TagListView.swift in Sources */,
				4B760D832AE03AEA008B2DFD /* NoteSwiftDataApp.swift in Sources */,
				4B760D9D2AE03FC3008B2DFD /* NoteListView.swift in Sources */,
				4B760D942AE03CCA008B2DFD /* Note.swift in Sources */,
				4B760D962AE03D29008B2DFD /* Tag.swift in Sources */,
			);
			runOnlyForDeploymentPostprocessing = 0;
		};
/* End PBXSourcesBuildPhase section */

/* Begin XCBuildConfiguration section */
		4B760D8B2AE03AEB008B2DFD /* Debug */ = {
			isa = XCBuildConfiguration;
			buildSettings = {
				ALWAYS_SEARCH_USER_PATHS = NO;
				ASSETCATALOG_COMPILER_GENERATE_SWIFT_ASSET_SYMBOL_EXTENSIONS = YES;
				CLANG_ANALYZER_NONNULL = YES;
				CLANG_ANALYZER_NUMBER_OBJECT_CONVERSION = YES_AGGRESSIVE;
				CLANG_CXX_LANGUAGE_STANDARD = "gnu++20";
				CLANG_ENABLE_MODULES = YES;
				CLANG_ENABLE_OBJC_ARC = YES;
				CLANG_ENABLE_OBJC_WEAK = YES;
				CLANG_WARN_BLOCK_CAPTURE_AUTORELEASING = YES;
				CLANG_WARN_BOOL_CONVERSION = YES;
				CLANG_WARN_COMMA = YES;
				CLANG_WARN_CONSTANT_CONVERSION = YES;
				CLANG_WARN_DEPRECATED_OBJC_IMPLEMENTATIONS = YES;
				CLANG_WARN_DIRECT_OBJC_ISA_USAGE = YES_ERROR;
				CLANG_WARN_DOCUMENTATION_COMMENTS = YES;
				CLANG_WARN_EMPTY_BODY = YES;
				CLANG_WARN_ENUM_CONVERSION = YES;
				CLANG_WARN_INFINITE_RECURSION = YES;
				CLANG_WARN_INT_CONVERSION = YES;
				CLANG_WARN_NON_LITERAL_NULL_CONVERSION = YES;
				CLANG_WARN_OBJC_IMPLICIT_RETAIN_SELF = YES;
				CLANG_WARN_OBJC_LITERAL_CONVERSION = YES;
				CLANG_WARN_OBJC_ROOT_CLASS = YES_ERROR;
				CLANG_WARN_QUOTED_INCLUDE_IN_FRAMEWORK_HEADER = YES;
				CLANG_WARN_RANGE_LOOP_ANALYSIS = YES;
				CLANG_WARN_STRICT_PROTOTYPES = YES;
				CLANG_WARN_SUSPICIOUS_MOVE = YES;
				CLANG_WARN_UNGUARDED_AVAILABILITY = YES_AGGRESSIVE;
				CLANG_WARN_UNREACHABLE_CODE = YES;
				CLANG_WARN__DUPLICATE_METHOD_MATCH = YES;
				COPY_PHASE_STRIP = NO;
				DEBUG_INFORMATION_FORMAT = dwarf;
				ENABLE_STRICT_OBJC_MSGSEND = YES;
				ENABLE_TESTABILITY = YES;
				ENABLE_USER_SCRIPT_SANDBOXING = YES;
				GCC_C_LANGUAGE_STANDARD = gnu17;
				GCC_DYNAMIC_NO_PIC = NO;
				GCC_NO_COMMON_BLOCKS = YES;
				GCC_OPTIMIZATION_LEVEL = 0;
				GCC_PREPROCESSOR_DEFINITIONS = (
					"DEBUG=1",
					"$(inherited)",
				);
				GCC_WARN_64_TO_32_BIT_CONVERSION = YES;
				GCC_WARN_ABOUT_RETURN_TYPE = YES_ERROR;
				GCC_WARN_UNDECLARED_SELECTOR = YES;
				GCC_WARN_UNINITIALIZED_AUTOS = YES_AGGRESSIVE;
				GCC_WARN_UNUSED_FUNCTION = YES;
				GCC_WARN_UNUSED_VARIABLE = YES;
				IPHONEOS_DEPLOYMENT_TARGET = 17.0;
				LOCALIZATION_PREFERS_STRING_CATALOGS = YES;
				MTL_ENABLE_DEBUG_INFO = INCLUDE_SOURCE;
				MTL_FAST_MATH = YES;
				ONLY_ACTIVE_ARCH = YES;
				SDKROOT = iphoneos;
				SWIFT_ACTIVE_COMPILATION_CONDITIONS = "DEBUG $(inherited)";
				SWIFT_OPTIMIZATION_LEVEL = "-Onone";
			};
			name = Debug;
		};
		4B760D8C2AE03AEB008B2DFD /* Release */ = {
			isa = XCBuildConfiguration;
			buildSettings = {
				ALWAYS_SEARCH_USER_PATHS = NO;
				ASSETCATALOG_COMPILER_GENERATE_SWIFT_ASSET_SYMBOL_EXTENSIONS = YES;
				CLANG_ANALYZER_NONNULL = YES;
				CLANG_ANALYZER_NUMBER_OBJECT_CONVERSION = YES_AGGRESSIVE;
				CLANG_CXX_LANGUAGE_STANDARD = "gnu++20";
				CLANG_ENABLE_MODULES = YES;
				CLANG_ENABLE_OBJC_ARC = YES;
				CLANG_ENABLE_OBJC_WEAK = YES;
				CLANG_WARN_BLOCK_CAPTURE_AUTORELEASING = YES;
				CLANG_WARN_BOOL_CONVERSION = YES;
				CLANG_WARN_COMMA = YES;
				CLANG_WARN_CONSTANT_CONVERSION = YES;
				CLANG_WARN_DEPRECATED_OBJC_IMPLEMENTATIONS = YES;
				CLANG_WARN_DIRECT_OBJC_ISA_USAGE = YES_ERROR;
				CLANG_WARN_DOCUMENTATION_COMMENTS = YES;
				CLANG_WARN_EMPTY_BODY = YES;
				CLANG_WARN_ENUM_CONVERSION = YES;
				CLANG_WARN_INFINITE_RECURSION = YES;
				CLANG_WARN_INT_CONVERSION = YES;
				CLANG_WARN_NON_LITERAL_NULL_CONVERSION = YES;
				CLANG_WARN_OBJC_IMPLICIT_RETAIN_SELF = YES;
				CLANG_WARN_OBJC_LITERAL_CONVERSION = YES;
				CLANG_WARN_OBJC_ROOT_CLASS = YES_ERROR;
				CLANG_WARN_QUOTED_INCLUDE_IN_FRAMEWORK_HEADER = YES;
				CLANG_WARN_RANGE_LOOP_ANALYSIS = YES;
				CLANG_WARN_STRICT_PROTOTYPES = YES;
				CLANG_WARN_SUSPICIOUS_MOVE = YES;
				CLANG_WARN_UNGUARDED_AVAILABILITY = YES_AGGRESSIVE;
				CLANG_WARN_UNREACHABLE_CODE = YES;
				CLANG_WARN__DUPLICATE_METHOD_MATCH = YES;
				COPY_PHASE_STRIP = NO;
				DEBUG_INFORMATION_FORMAT = "dwarf-with-dsym";
				ENABLE_NS_ASSERTIONS = NO;
				ENABLE_STRICT_OBJC_MSGSEND = YES;
				ENABLE_USER_SCRIPT_SANDBOXING = YES;
				GCC_C_LANGUAGE_STANDARD = gnu17;
				GCC_NO_COMMON_BLOCKS = YES;
				GCC_WARN_64_TO_32_BIT_CONVERSION = YES;
				GCC_WARN_ABOUT_RETURN_TYPE = YES_ERROR;
				GCC_WARN_UNDECLARED_SELECTOR = YES;
				GCC_WARN_UNINITIALIZED_AUTOS = YES_AGGRESSIVE;
				GCC_WARN_UNUSED_FUNCTION = YES;
				GCC_WARN_UNUSED_VARIABLE = YES;
				IPHONEOS_DEPLOYMENT_TARGET = 17.0;
				LOCALIZATION_PREFERS_STRING_CATALOGS = YES;
				MTL_ENABLE_DEBUG_INFO = NO;
				MTL_FAST_MATH = YES;
				SDKROOT = iphoneos;
				SWIFT_COMPILATION_MODE = wholemodule;
				VALIDATE_PRODUCT = YES;
			};
			name = Release;
		};
		4B760D8E2AE03AEB008B2DFD /* Debug */ = {
			isa = XCBuildConfiguration;
			buildSettings = {
				ASSETCATALOG_COMPILER_APPICON_NAME = AppIcon;
				ASSETCATALOG_COMPILER_GLOBAL_ACCENT_COLOR_NAME = AccentColor;
				CODE_SIGN_STYLE = Automatic;
				CURRENT_PROJECT_VERSION = 1;
				DEVELOPMENT_ASSET_PATHS = "\"NoteSwiftData/Preview Content\"";
				DEVELOPMENT_TEAM = 3RQAYNAD56;
				ENABLE_PREVIEWS = YES;
				GENERATE_INFOPLIST_FILE = YES;
				INFOPLIST_KEY_UIApplicationSceneManifest_Generation = YES;
				INFOPLIST_KEY_UIApplicationSupportsIndirectInputEvents = YES;
				INFOPLIST_KEY_UILaunchScreen_Generation = YES;
				INFOPLIST_KEY_UISupportedInterfaceOrientations_iPad = "UIInterfaceOrientationPortrait UIInterfaceOrientationPortraitUpsideDown UIInterfaceOrientationLandscapeLeft UIInterfaceOrientationLandscapeRight";
				INFOPLIST_KEY_UISupportedInterfaceOrientations_iPhone = "UIInterfaceOrientationPortrait UIInterfaceOrientationLandscapeLeft UIInterfaceOrientationLandscapeRight";
				LD_RUNPATH_SEARCH_PATHS = (
					"$(inherited)",
					"@executable_path/Frameworks",
				);
				MARKETING_VERSION = 1.0;
				PRODUCT_BUNDLE_IDENTIFIER = com.bsc.NoteSwiftData;
				PRODUCT_NAME = "$(TARGET_NAME)";
				SWIFT_EMIT_LOC_STRINGS = YES;
				SWIFT_VERSION = 5.0;
				TARGETED_DEVICE_FAMILY = "1,2";
			};
			name = Debug;
		};
		4B760D8F2AE03AEB008B2DFD /* Release */ = {
			isa = XCBuildConfiguration;
			buildSettings = {
				ASSETCATALOG_COMPILER_APPICON_NAME = AppIcon;
				ASSETCATALOG_COMPILER_GLOBAL_ACCENT_COLOR_NAME = AccentColor;
				CODE_SIGN_STYLE = Automatic;
				CURRENT_PROJECT_VERSION = 1;
				DEVELOPMENT_ASSET_PATHS = "\"NoteSwiftData/Preview Content\"";
				DEVELOPMENT_TEAM = 3RQAYNAD56;
				ENABLE_PREVIEWS = YES;
				GENERATE_INFOPLIST_FILE = YES;
				INFOPLIST_KEY_UIApplicationSceneManifest_Generation = YES;
				INFOPLIST_KEY_UIApplicationSupportsIndirectInputEvents = YES;
				INFOPLIST_KEY_UILaunchScreen_Generation = YES;
				INFOPLIST_KEY_UISupportedInterfaceOrientations_iPad = "UIInterfaceOrientationPortrait UIInterfaceOrientationPortraitUpsideDown UIInterfaceOrientationLandscapeLeft UIInterfaceOrientationLandscapeRight";
				INFOPLIST_KEY_UISupportedInterfaceOrientations_iPhone = "UIInterfaceOrientationPortrait UIInterfaceOrientationLandscapeLeft UIInterfaceOrientationLandscapeRight";
				LD_RUNPATH_SEARCH_PATHS = (
					"$(inherited)",
					"@executable_path/Frameworks",
				);
				MARKETING_VERSION = 1.0;
				PRODUCT_BUNDLE_IDENTIFIER = com.bsc.NoteSwiftData;
				PRODUCT_NAME = "$(TARGET_NAME)";
				SWIFT_EMIT_LOC_STRINGS = YES;
				SWIFT_VERSION = 5.0;
				TARGETED_DEVICE_FAMILY = "1,2";
			};
			name = Release;
		};
/* End XCBuildConfiguration section */

/* Begin XCConfigurationList section */
		4B760D7A2AE03AEA008B2DFD /* Build configuration list for PBXProject "NoteSwiftData" */ = {
			isa = XCConfigurationList;
			buildConfigurations = (
				4B760D8B2AE03AEB008B2DFD /* Debug */,
				4B760D8C2AE03AEB008B2DFD /* Release */,
			);
			defaultConfigurationIsVisible = 0;
			defaultConfigurationName = Release;
		};
		4B760D8D2AE03AEB008B2DFD /* Build configuration list for PBXNativeTarget "NoteSwiftData" */ = {
			isa = XCConfigurationList;
			buildConfigurations = (
				4B760D8E2AE03AEB008B2DFD /* Debug */,
				4B760D8F2AE03AEB008B2DFD /* Release */,
			);
			defaultConfigurationIsVisible = 0;
			defaultConfigurationName = Release;
		};
/* End XCConfigurationList section */
	};
	rootObject = 4B760D772AE03AEA008B2DFD /* Project object */;
}
